
Microsoft Visual Studio Solution File, Format Version 12.00
# Visual Studio Version 17
VisualStudioVersion = 17.4.33213.308
MinimumVisualStudioVersion = 10.0.40219.1
Project("{FAE04EC0-301F-11D3-BF4B-00C04F79EFBC}") = "ReadStreamSpeedTests", "ReadStreamSpeedTests.csproj", "{E9ADC223-0A78-4C4A-8E2D-10BED6F6F62B}"
EndProject
Global
	GlobalSection(SolutionConfigurationPlatforms) = preSolution
		Debug|Any CPU = Debug|Any CPU
		Release|Any CPU = Release|Any CPU
	EndGlobalSection
	GlobalSection(ProjectConfigurationPlatforms) = postSolution
		{E9ADC223-0A78-4C4A-8E2D-10BED6F6F62B}.Debug|Any CPU.ActiveCfg = Debug|Any CPU
		{E9ADC223-0A78-4C4A-8E2D-10BED6F6F62B}.Debug|Any CPU.Build.0 = Debug|Any CPU
		{E9ADC223-0A78-4C4A-8E2D-10BED6F6F62B}.Release|Any CPU.ActiveCfg = Release|Any CPU
		{E9ADC223-0A78-4C4A-8E2D-10BED6F6F62B}.Release|Any CPU.Build.0 = Release|Any CPU
	EndGlobalSection
	GlobalSection(SolutionProperties) = preSolution
		HideSolutionNode = FALSE
	EndGlobalSection
	GlobalSection(ExtensibilityGlobals) = postSolution
		SolutionGuid = {F2694DD1-3622-4ED4-8794-6A89126A0BF5}
	EndGlobalSection
EndGlobal
